
Microsoft Visual Studio Solution File, Format Version 12.00
# Visual Studio Version 17
VisualStudioVersion = 17.13.35931.197 d17.13
MinimumVisualStudioVersion = 10.0.40219.1
Project("{FAE04EC0-301F-11D3-BF4B-00C04F79EFBC}") = "Beginner1", "Beginner1.csproj", "{0B8F1A62-8C84-49BC-8401-CD51771607D1}"
EndProject
Global
	GlobalSection(SolutionConfigurationPlatforms) = preSolution
		Debug|Any CPU = Debug|Any CPU
		Release|Any CPU = Release|Any CPU
	EndGlobalSection
	GlobalSection(ProjectConfigurationPlatforms) = postSolution
		{0B8F1A62-8C84-49BC-8401-CD51771607D1}.Debug|Any CPU.ActiveCfg = Debug|Any CPU
		{0B8F1A62-8C84-49BC-8401-CD51771607D1}.Debug|Any CPU.Build.0 = Debug|Any CPU
		{0B8F1A62-8C84-49BC-8401-CD51771607D1}.Release|Any CPU.ActiveCfg = Release|Any CPU
		{0B8F1A62-8C84-49BC-8401-CD51771607D1}.Release|Any CPU.Build.0 = Release|Any CPU
	EndGlobalSection
	GlobalSection(SolutionProperties) = preSolution
		HideSolutionNode = FALSE
	EndGlobalSection
	GlobalSection(ExtensibilityGlobals) = postSolution
		SolutionGuid = {1B8B1DF3-072B-4C98-9C5D-1A5171B6D192}
	EndGlobalSection
EndGlobal
