
Microsoft Visual Studio Solution File, Format Version 12.00
# Visual Studio Version 17
VisualStudioVersion = 17.13.35931.197 d17.13
MinimumVisualStudioVersion = 10.0.40219.1
Project("{FAE04EC0-301F-11D3-BF4B-00C04F79EFBC}") = "Beginner1", "Beginner1.csproj", "{5FE84929-DB1C-4823-BC27-95F6D3E8668E}"
EndProject
Global
	GlobalSection(SolutionConfigurationPlatforms) = preSolution
		Debug|Any CPU = Debug|Any CPU
		Release|Any CPU = Release|Any CPU
	EndGlobalSection
	GlobalSection(ProjectConfigurationPlatforms) = postSolution
		{5FE84929-DB1C-4823-BC27-95F6D3E8668E}.Debug|Any CPU.ActiveCfg = Debug|Any CPU
		{5FE84929-DB1C-4823-BC27-95F6D3E8668E}.Debug|Any CPU.Build.0 = Debug|Any CPU
		{5FE84929-DB1C-4823-BC27-95F6D3E8668E}.Release|Any CPU.ActiveCfg = Release|Any CPU
		{5FE84929-DB1C-4823-BC27-95F6D3E8668E}.Release|Any CPU.Build.0 = Release|Any CPU
	EndGlobalSection
	GlobalSection(SolutionProperties) = preSolution
		HideSolutionNode = FALSE
	EndGlobalSection
	GlobalSection(ExtensibilityGlobals) = postSolution
		SolutionGuid = {68091206-D6A7-410E-B836-34AA5E66BFAE}
	EndGlobalSection
EndGlobal
