
Microsoft Visual Studio Solution File, Format Version 12.00
# Visual Studio Version 17
VisualStudioVersion = 17.13.35931.197 d17.13
MinimumVisualStudioVersion = 10.0.40219.1
Project("{FAE04EC0-301F-11D3-BF4B-00C04F79EFBC}") = "Beginner", "Beginner.csproj", "{120F557A-91D0-4CF8-8FE6-57D27ADF18AE}"
EndProject
Global
	GlobalSection(SolutionConfigurationPlatforms) = preSolution
		Debug|Any CPU = Debug|Any CPU
		Release|Any CPU = Release|Any CPU
	EndGlobalSection
	GlobalSection(ProjectConfigurationPlatforms) = postSolution
		{120F557A-91D0-4CF8-8FE6-57D27ADF18AE}.Debug|Any CPU.ActiveCfg = Debug|Any CPU
		{120F557A-91D0-4CF8-8FE6-57D27ADF18AE}.Debug|Any CPU.Build.0 = Debug|Any CPU
		{120F557A-91D0-4CF8-8FE6-57D27ADF18AE}.Release|Any CPU.ActiveCfg = Release|Any CPU
		{120F557A-91D0-4CF8-8FE6-57D27ADF18AE}.Release|Any CPU.Build.0 = Release|Any CPU
	EndGlobalSection
	GlobalSection(SolutionProperties) = preSolution
		HideSolutionNode = FALSE
	EndGlobalSection
	GlobalSection(ExtensibilityGlobals) = postSolution
		SolutionGuid = {C0F84F41-EABA-436C-9089-A6CCED556ABD}
	EndGlobalSection
EndGlobal
