
Microsoft Visual Studio Solution File, Format Version 12.00
# Visual Studio Version 17
VisualStudioVersion = 17.13.35931.197 d17.13
MinimumVisualStudioVersion = 10.0.40219.1
Project("{FAE04EC0-301F-11D3-BF4B-00C04F79EFBC}") = "Intermediate1", "Intermediate1.csproj", "{84AB56C1-E298-4046-A516-1A222663F4B6}"
EndProject
Global
	GlobalSection(SolutionConfigurationPlatforms) = preSolution
		Debug|Any CPU = Debug|Any CPU
		Release|Any CPU = Release|Any CPU
	EndGlobalSection
	GlobalSection(ProjectConfigurationPlatforms) = postSolution
		{84AB56C1-E298-4046-A516-1A222663F4B6}.Debug|Any CPU.ActiveCfg = Debug|Any CPU
		{84AB56C1-E298-4046-A516-1A222663F4B6}.Debug|Any CPU.Build.0 = Debug|Any CPU
		{84AB56C1-E298-4046-A516-1A222663F4B6}.Release|Any CPU.ActiveCfg = Release|Any CPU
		{84AB56C1-E298-4046-A516-1A222663F4B6}.Release|Any CPU.Build.0 = Release|Any CPU
	EndGlobalSection
	GlobalSection(SolutionProperties) = preSolution
		HideSolutionNode = FALSE
	EndGlobalSection
	GlobalSection(ExtensibilityGlobals) = postSolution
		SolutionGuid = {16A81C81-0985-4B93-A107-238C453DD636}
	EndGlobalSection
EndGlobal
