
Microsoft Visual Studio Solution File, Format Version 12.00
# Visual Studio Version 17
VisualStudioVersion = 17.13.35931.197 d17.13
MinimumVisualStudioVersion = 10.0.40219.1
Project("{FAE04EC0-301F-11D3-BF4B-00C04F79EFBC}") = "Proficient4", "Proficient4.csproj", "{0A7E4D93-194E-413C-A57C-B575F4155744}"
EndProject
Global
	GlobalSection(SolutionConfigurationPlatforms) = preSolution
		Debug|Any CPU = Debug|Any CPU
		Release|Any CPU = Release|Any CPU
	EndGlobalSection
	GlobalSection(ProjectConfigurationPlatforms) = postSolution
		{0A7E4D93-194E-413C-A57C-B575F4155744}.Debug|Any CPU.ActiveCfg = Debug|Any CPU
		{0A7E4D93-194E-413C-A57C-B575F4155744}.Debug|Any CPU.Build.0 = Debug|Any CPU
		{0A7E4D93-194E-413C-A57C-B575F4155744}.Release|Any CPU.ActiveCfg = Release|Any CPU
		{0A7E4D93-194E-413C-A57C-B575F4155744}.Release|Any CPU.Build.0 = Release|Any CPU
	EndGlobalSection
	GlobalSection(SolutionProperties) = preSolution
		HideSolutionNode = FALSE
	EndGlobalSection
	GlobalSection(ExtensibilityGlobals) = postSolution
		SolutionGuid = {21D05B16-3219-4334-9C7A-60EA5D561D2F}
	EndGlobalSection
EndGlobal
