
Microsoft Visual Studio Solution File, Format Version 12.00
# Visual Studio Version 17
VisualStudioVersion = 17.13.35931.197 d17.13
MinimumVisualStudioVersion = 10.0.40219.1
Project("{FAE04EC0-301F-11D3-BF4B-00C04F79EFBC}") = "beginner4", "beginner4.csproj", "{42B3D375-4D2A-4B52-92E2-8E5342DB31CC}"
EndProject
Global
	GlobalSection(SolutionConfigurationPlatforms) = preSolution
		Debug|Any CPU = Debug|Any CPU
		Release|Any CPU = Release|Any CPU
	EndGlobalSection
	GlobalSection(ProjectConfigurationPlatforms) = postSolution
		{42B3D375-4D2A-4B52-92E2-8E5342DB31CC}.Debug|Any CPU.ActiveCfg = Debug|Any CPU
		{42B3D375-4D2A-4B52-92E2-8E5342DB31CC}.Debug|Any CPU.Build.0 = Debug|Any CPU
		{42B3D375-4D2A-4B52-92E2-8E5342DB31CC}.Release|Any CPU.ActiveCfg = Release|Any CPU
		{42B3D375-4D2A-4B52-92E2-8E5342DB31CC}.Release|Any CPU.Build.0 = Release|Any CPU
	EndGlobalSection
	GlobalSection(SolutionProperties) = preSolution
		HideSolutionNode = FALSE
	EndGlobalSection
	GlobalSection(ExtensibilityGlobals) = postSolution
		SolutionGuid = {A024BB0D-E6E8-4824-8F88-C01F3B275F47}
	EndGlobalSection
EndGlobal
