
Microsoft Visual Studio Solution File, Format Version 12.00
# Visual Studio Version 17
VisualStudioVersion = 17.13.35931.197 d17.13
MinimumVisualStudioVersion = 10.0.40219.1
Project("{FAE04EC0-301F-11D3-BF4B-00C04F79EFBC}") = "4", "4.csproj", "{2D2634B1-8D14-434A-B4D1-2C5E41F08D7F}"
EndProject
Global
	GlobalSection(SolutionConfigurationPlatforms) = preSolution
		Debug|Any CPU = Debug|Any CPU
		Release|Any CPU = Release|Any CPU
	EndGlobalSection
	GlobalSection(ProjectConfigurationPlatforms) = postSolution
		{2D2634B1-8D14-434A-B4D1-2C5E41F08D7F}.Debug|Any CPU.ActiveCfg = Debug|Any CPU
		{2D2634B1-8D14-434A-B4D1-2C5E41F08D7F}.Debug|Any CPU.Build.0 = Debug|Any CPU
		{2D2634B1-8D14-434A-B4D1-2C5E41F08D7F}.Release|Any CPU.ActiveCfg = Release|Any CPU
		{2D2634B1-8D14-434A-B4D1-2C5E41F08D7F}.Release|Any CPU.Build.0 = Release|Any CPU
	EndGlobalSection
	GlobalSection(SolutionProperties) = preSolution
		HideSolutionNode = FALSE
	EndGlobalSection
	GlobalSection(ExtensibilityGlobals) = postSolution
		SolutionGuid = {62D4B2C9-6EC8-490D-A32D-BBAD5F8AE8B5}
	EndGlobalSection
EndGlobal
