
Microsoft Visual Studio Solution File, Format Version 12.00
# Visual Studio Version 17
VisualStudioVersion = 17.13.35931.197 d17.13
MinimumVisualStudioVersion = 10.0.40219.1
Project("{FAE04EC0-301F-11D3-BF4B-00C04F79EFBC}") = "Beginner2", "Beginner2.csproj", "{BB495EF7-59F9-4453-960C-11DAFCCA3A16}"
EndProject
Global
	GlobalSection(SolutionConfigurationPlatforms) = preSolution
		Debug|Any CPU = Debug|Any CPU
		Release|Any CPU = Release|Any CPU
	EndGlobalSection
	GlobalSection(ProjectConfigurationPlatforms) = postSolution
		{BB495EF7-59F9-4453-960C-11DAFCCA3A16}.Debug|Any CPU.ActiveCfg = Debug|Any CPU
		{BB495EF7-59F9-4453-960C-11DAFCCA3A16}.Debug|Any CPU.Build.0 = Debug|Any CPU
		{BB495EF7-59F9-4453-960C-11DAFCCA3A16}.Release|Any CPU.ActiveCfg = Release|Any CPU
		{BB495EF7-59F9-4453-960C-11DAFCCA3A16}.Release|Any CPU.Build.0 = Release|Any CPU
	EndGlobalSection
	GlobalSection(SolutionProperties) = preSolution
		HideSolutionNode = FALSE
	EndGlobalSection
	GlobalSection(ExtensibilityGlobals) = postSolution
		SolutionGuid = {13416D0F-F548-4CD0-874D-5BB5BD8E14A5}
	EndGlobalSection
EndGlobal
