
Microsoft Visual Studio Solution File, Format Version 12.00
# Visual Studio Version 17
VisualStudioVersion = 17.13.35931.197 d17.13
MinimumVisualStudioVersion = 10.0.40219.1
Project("{FAE04EC0-301F-11D3-BF4B-00C04F79EFBC}") = "1", "1.csproj", "{B37FADBD-FB90-45C1-AB3C-397F13D1040B}"
EndProject
Global
	GlobalSection(SolutionConfigurationPlatforms) = preSolution
		Debug|Any CPU = Debug|Any CPU
		Release|Any CPU = Release|Any CPU
	EndGlobalSection
	GlobalSection(ProjectConfigurationPlatforms) = postSolution
		{B37FADBD-FB90-45C1-AB3C-397F13D1040B}.Debug|Any CPU.ActiveCfg = Debug|Any CPU
		{B37FADBD-FB90-45C1-AB3C-397F13D1040B}.Debug|Any CPU.Build.0 = Debug|Any CPU
		{B37FADBD-FB90-45C1-AB3C-397F13D1040B}.Release|Any CPU.ActiveCfg = Release|Any CPU
		{B37FADBD-FB90-45C1-AB3C-397F13D1040B}.Release|Any CPU.Build.0 = Release|Any CPU
	EndGlobalSection
	GlobalSection(SolutionProperties) = preSolution
		HideSolutionNode = FALSE
	EndGlobalSection
	GlobalSection(ExtensibilityGlobals) = postSolution
		SolutionGuid = {B43FDA84-21EE-4375-95DD-C51E9F5663F4}
	EndGlobalSection
EndGlobal
