
Microsoft Visual Studio Solution File, Format Version 12.00
# Visual Studio Version 17
VisualStudioVersion = 17.13.35931.197 d17.13
MinimumVisualStudioVersion = 10.0.40219.1
Project("{FAE04EC0-301F-11D3-BF4B-00C04F79EFBC}") = "Proficient3", "Proficient3.csproj", "{1D1F472F-FFB3-4733-93F0-274BFE80C828}"
EndProject
Global
	GlobalSection(SolutionConfigurationPlatforms) = preSolution
		Debug|Any CPU = Debug|Any CPU
		Release|Any CPU = Release|Any CPU
	EndGlobalSection
	GlobalSection(ProjectConfigurationPlatforms) = postSolution
		{1D1F472F-FFB3-4733-93F0-274BFE80C828}.Debug|Any CPU.ActiveCfg = Debug|Any CPU
		{1D1F472F-FFB3-4733-93F0-274BFE80C828}.Debug|Any CPU.Build.0 = Debug|Any CPU
		{1D1F472F-FFB3-4733-93F0-274BFE80C828}.Release|Any CPU.ActiveCfg = Release|Any CPU
		{1D1F472F-FFB3-4733-93F0-274BFE80C828}.Release|Any CPU.Build.0 = Release|Any CPU
	EndGlobalSection
	GlobalSection(SolutionProperties) = preSolution
		HideSolutionNode = FALSE
	EndGlobalSection
	GlobalSection(ExtensibilityGlobals) = postSolution
		SolutionGuid = {E8BD6BE1-2F39-4ADA-826E-A2599BED3E2A}
	EndGlobalSection
EndGlobal
