
Microsoft Visual Studio Solution File, Format Version 12.00
# Visual Studio Version 17
VisualStudioVersion = 17.13.35931.197 d17.13
MinimumVisualStudioVersion = 10.0.40219.1
Project("{FAE04EC0-301F-11D3-BF4B-00C04F79EFBC}") = "Intermediate3", "Intermediate3.csproj", "{93CEC30D-6D2E-497E-8EBB-733B85CC4FB9}"
EndProject
Global
	GlobalSection(SolutionConfigurationPlatforms) = preSolution
		Debug|Any CPU = Debug|Any CPU
		Release|Any CPU = Release|Any CPU
	EndGlobalSection
	GlobalSection(ProjectConfigurationPlatforms) = postSolution
		{93CEC30D-6D2E-497E-8EBB-733B85CC4FB9}.Debug|Any CPU.ActiveCfg = Debug|Any CPU
		{93CEC30D-6D2E-497E-8EBB-733B85CC4FB9}.Debug|Any CPU.Build.0 = Debug|Any CPU
		{93CEC30D-6D2E-497E-8EBB-733B85CC4FB9}.Release|Any CPU.ActiveCfg = Release|Any CPU
		{93CEC30D-6D2E-497E-8EBB-733B85CC4FB9}.Release|Any CPU.Build.0 = Release|Any CPU
	EndGlobalSection
	GlobalSection(SolutionProperties) = preSolution
		HideSolutionNode = FALSE
	EndGlobalSection
	GlobalSection(ExtensibilityGlobals) = postSolution
		SolutionGuid = {44899FD2-EA77-4F99-AC2B-3F917E9F0637}
	EndGlobalSection
EndGlobal
