
Microsoft Visual Studio Solution File, Format Version 12.00
# Visual Studio Version 17
VisualStudioVersion = 17.13.35931.197 d17.13
MinimumVisualStudioVersion = 10.0.40219.1
Project("{FAE04EC0-301F-11D3-BF4B-00C04F79EFBC}") = "intermediate5", "intermediate5.csproj", "{A85DB481-7DB2-45CD-907C-CCD3488F5627}"
EndProject
Global
	GlobalSection(SolutionConfigurationPlatforms) = preSolution
		Debug|Any CPU = Debug|Any CPU
		Release|Any CPU = Release|Any CPU
	EndGlobalSection
	GlobalSection(ProjectConfigurationPlatforms) = postSolution
		{A85DB481-7DB2-45CD-907C-CCD3488F5627}.Debug|Any CPU.ActiveCfg = Debug|Any CPU
		{A85DB481-7DB2-45CD-907C-CCD3488F5627}.Debug|Any CPU.Build.0 = Debug|Any CPU
		{A85DB481-7DB2-45CD-907C-CCD3488F5627}.Release|Any CPU.ActiveCfg = Release|Any CPU
		{A85DB481-7DB2-45CD-907C-CCD3488F5627}.Release|Any CPU.Build.0 = Release|Any CPU
	EndGlobalSection
	GlobalSection(SolutionProperties) = preSolution
		HideSolutionNode = FALSE
	EndGlobalSection
	GlobalSection(ExtensibilityGlobals) = postSolution
		SolutionGuid = {FB3E6503-B984-4698-B797-36ADEAAE6EE3}
	EndGlobalSection
EndGlobal
