
Microsoft Visual Studio Solution File, Format Version 12.00
# Visual Studio Version 17
VisualStudioVersion = 17.13.35931.197 d17.13
MinimumVisualStudioVersion = 10.0.40219.1
Project("{FAE04EC0-301F-11D3-BF4B-00C04F79EFBC}") = "proficient3", "proficient3.csproj", "{244CBD03-40D4-40CC-BE49-6BADED728C39}"
EndProject
Global
	GlobalSection(SolutionConfigurationPlatforms) = preSolution
		Debug|Any CPU = Debug|Any CPU
		Release|Any CPU = Release|Any CPU
	EndGlobalSection
	GlobalSection(ProjectConfigurationPlatforms) = postSolution
		{244CBD03-40D4-40CC-BE49-6BADED728C39}.Debug|Any CPU.ActiveCfg = Debug|Any CPU
		{244CBD03-40D4-40CC-BE49-6BADED728C39}.Debug|Any CPU.Build.0 = Debug|Any CPU
		{244CBD03-40D4-40CC-BE49-6BADED728C39}.Release|Any CPU.ActiveCfg = Release|Any CPU
		{244CBD03-40D4-40CC-BE49-6BADED728C39}.Release|Any CPU.Build.0 = Release|Any CPU
	EndGlobalSection
	GlobalSection(SolutionProperties) = preSolution
		HideSolutionNode = FALSE
	EndGlobalSection
	GlobalSection(ExtensibilityGlobals) = postSolution
		SolutionGuid = {F4BD81AC-9A25-4237-B595-4D7279EA45D4}
	EndGlobalSection
EndGlobal
