
Microsoft Visual Studio Solution File, Format Version 12.00
# Visual Studio Version 17
VisualStudioVersion = 17.13.35931.197 d17.13
MinimumVisualStudioVersion = 10.0.40219.1
Project("{FAE04EC0-301F-11D3-BF4B-00C04F79EFBC}") = "Proficient5", "Proficient5.csproj", "{8984B73B-0F75-4EE3-A193-E117D7407580}"
EndProject
Global
	GlobalSection(SolutionConfigurationPlatforms) = preSolution
		Debug|Any CPU = Debug|Any CPU
		Release|Any CPU = Release|Any CPU
	EndGlobalSection
	GlobalSection(ProjectConfigurationPlatforms) = postSolution
		{8984B73B-0F75-4EE3-A193-E117D7407580}.Debug|Any CPU.ActiveCfg = Debug|Any CPU
		{8984B73B-0F75-4EE3-A193-E117D7407580}.Debug|Any CPU.Build.0 = Debug|Any CPU
		{8984B73B-0F75-4EE3-A193-E117D7407580}.Release|Any CPU.ActiveCfg = Release|Any CPU
		{8984B73B-0F75-4EE3-A193-E117D7407580}.Release|Any CPU.Build.0 = Release|Any CPU
	EndGlobalSection
	GlobalSection(SolutionProperties) = preSolution
		HideSolutionNode = FALSE
	EndGlobalSection
	GlobalSection(ExtensibilityGlobals) = postSolution
		SolutionGuid = {4A47D57E-EF8D-4E71-97DA-E2C133B0FEF7}
	EndGlobalSection
EndGlobal
