
Microsoft Visual Studio Solution File, Format Version 12.00
# Visual Studio Version 17
VisualStudioVersion = 17.13.35931.197 d17.13
MinimumVisualStudioVersion = 10.0.40219.1
Project("{FAE04EC0-301F-11D3-BF4B-00C04F79EFBC}") = "intermediate5", "intermediate5.csproj", "{53F8E5C0-33C3-4D8E-8DB5-C2698CB13736}"
EndProject
Global
	GlobalSection(SolutionConfigurationPlatforms) = preSolution
		Debug|Any CPU = Debug|Any CPU
		Release|Any CPU = Release|Any CPU
	EndGlobalSection
	GlobalSection(ProjectConfigurationPlatforms) = postSolution
		{53F8E5C0-33C3-4D8E-8DB5-C2698CB13736}.Debug|Any CPU.ActiveCfg = Debug|Any CPU
		{53F8E5C0-33C3-4D8E-8DB5-C2698CB13736}.Debug|Any CPU.Build.0 = Debug|Any CPU
		{53F8E5C0-33C3-4D8E-8DB5-C2698CB13736}.Release|Any CPU.ActiveCfg = Release|Any CPU
		{53F8E5C0-33C3-4D8E-8DB5-C2698CB13736}.Release|Any CPU.Build.0 = Release|Any CPU
	EndGlobalSection
	GlobalSection(SolutionProperties) = preSolution
		HideSolutionNode = FALSE
	EndGlobalSection
	GlobalSection(ExtensibilityGlobals) = postSolution
		SolutionGuid = {0E02CB63-3931-4046-BDBB-C9212D1E56E4}
	EndGlobalSection
EndGlobal
