
Microsoft Visual Studio Solution File, Format Version 12.00
# Visual Studio Version 17
VisualStudioVersion = 17.13.35931.197 d17.13
MinimumVisualStudioVersion = 10.0.40219.1
Project("{FAE04EC0-301F-11D3-BF4B-00C04F79EFBC}") = "Intermediate3", "Intermediate3.csproj", "{5997FE88-017D-4B3A-ABC5-28097408F400}"
EndProject
Global
	GlobalSection(SolutionConfigurationPlatforms) = preSolution
		Debug|Any CPU = Debug|Any CPU
		Release|Any CPU = Release|Any CPU
	EndGlobalSection
	GlobalSection(ProjectConfigurationPlatforms) = postSolution
		{5997FE88-017D-4B3A-ABC5-28097408F400}.Debug|Any CPU.ActiveCfg = Debug|Any CPU
		{5997FE88-017D-4B3A-ABC5-28097408F400}.Debug|Any CPU.Build.0 = Debug|Any CPU
		{5997FE88-017D-4B3A-ABC5-28097408F400}.Release|Any CPU.ActiveCfg = Release|Any CPU
		{5997FE88-017D-4B3A-ABC5-28097408F400}.Release|Any CPU.Build.0 = Release|Any CPU
	EndGlobalSection
	GlobalSection(SolutionProperties) = preSolution
		HideSolutionNode = FALSE
	EndGlobalSection
	GlobalSection(ExtensibilityGlobals) = postSolution
		SolutionGuid = {67297D57-757B-467D-829A-A4A65F4C022A}
	EndGlobalSection
EndGlobal
