
Microsoft Visual Studio Solution File, Format Version 12.00
# Visual Studio Version 17
VisualStudioVersion = 17.13.35931.197 d17.13
MinimumVisualStudioVersion = 10.0.40219.1
Project("{FAE04EC0-301F-11D3-BF4B-00C04F79EFBC}") = "beginner3", "beginner3.csproj", "{757F85B2-1E9F-4D6D-8098-7CD2386626BB}"
EndProject
Global
	GlobalSection(SolutionConfigurationPlatforms) = preSolution
		Debug|Any CPU = Debug|Any CPU
		Release|Any CPU = Release|Any CPU
	EndGlobalSection
	GlobalSection(ProjectConfigurationPlatforms) = postSolution
		{757F85B2-1E9F-4D6D-8098-7CD2386626BB}.Debug|Any CPU.ActiveCfg = Debug|Any CPU
		{757F85B2-1E9F-4D6D-8098-7CD2386626BB}.Debug|Any CPU.Build.0 = Debug|Any CPU
		{757F85B2-1E9F-4D6D-8098-7CD2386626BB}.Release|Any CPU.ActiveCfg = Release|Any CPU
		{757F85B2-1E9F-4D6D-8098-7CD2386626BB}.Release|Any CPU.Build.0 = Release|Any CPU
	EndGlobalSection
	GlobalSection(SolutionProperties) = preSolution
		HideSolutionNode = FALSE
	EndGlobalSection
	GlobalSection(ExtensibilityGlobals) = postSolution
		SolutionGuid = {4E93C9A2-8856-4667-A7A2-B07620F59C97}
	EndGlobalSection
EndGlobal
