
Microsoft Visual Studio Solution File, Format Version 12.00
# Visual Studio Version 17
VisualStudioVersion = 17.13.35931.197 d17.13
MinimumVisualStudioVersion = 10.0.40219.1
Project("{FAE04EC0-301F-11D3-BF4B-00C04F79EFBC}") = "ConsoleApp1", "ConsoleApp1.csproj", "{C5803CA4-DFFB-4B70-B494-EEC515F73911}"
EndProject
Global
	GlobalSection(SolutionConfigurationPlatforms) = preSolution
		Debug|Any CPU = Debug|Any CPU
		Release|Any CPU = Release|Any CPU
	EndGlobalSection
	GlobalSection(ProjectConfigurationPlatforms) = postSolution
		{C5803CA4-DFFB-4B70-B494-EEC515F73911}.Debug|Any CPU.ActiveCfg = Debug|Any CPU
		{C5803CA4-DFFB-4B70-B494-EEC515F73911}.Debug|Any CPU.Build.0 = Debug|Any CPU
		{C5803CA4-DFFB-4B70-B494-EEC515F73911}.Release|Any CPU.ActiveCfg = Release|Any CPU
		{C5803CA4-DFFB-4B70-B494-EEC515F73911}.Release|Any CPU.Build.0 = Release|Any CPU
	EndGlobalSection
	GlobalSection(SolutionProperties) = preSolution
		HideSolutionNode = FALSE
	EndGlobalSection
	GlobalSection(ExtensibilityGlobals) = postSolution
		SolutionGuid = {BEEF9057-6A71-4E7D-8703-E396CD832A2F}
	EndGlobalSection
EndGlobal
