
Microsoft Visual Studio Solution File, Format Version 12.00
# Visual Studio Version 17
VisualStudioVersion = 17.13.35931.197 d17.13
MinimumVisualStudioVersion = 10.0.40219.1
Project("{FAE04EC0-301F-11D3-BF4B-00C04F79EFBC}") = "Intermediate2", "Intermediate2.csproj", "{B738BD23-A6BD-46D0-AC0F-D595E5902CE2}"
EndProject
Global
	GlobalSection(SolutionConfigurationPlatforms) = preSolution
		Debug|Any CPU = Debug|Any CPU
		Release|Any CPU = Release|Any CPU
	EndGlobalSection
	GlobalSection(ProjectConfigurationPlatforms) = postSolution
		{B738BD23-A6BD-46D0-AC0F-D595E5902CE2}.Debug|Any CPU.ActiveCfg = Debug|Any CPU
		{B738BD23-A6BD-46D0-AC0F-D595E5902CE2}.Debug|Any CPU.Build.0 = Debug|Any CPU
		{B738BD23-A6BD-46D0-AC0F-D595E5902CE2}.Release|Any CPU.ActiveCfg = Release|Any CPU
		{B738BD23-A6BD-46D0-AC0F-D595E5902CE2}.Release|Any CPU.Build.0 = Release|Any CPU
	EndGlobalSection
	GlobalSection(SolutionProperties) = preSolution
		HideSolutionNode = FALSE
	EndGlobalSection
	GlobalSection(ExtensibilityGlobals) = postSolution
		SolutionGuid = {89988221-9A22-489D-8D88-C4A80C75B890}
	EndGlobalSection
EndGlobal
