
Microsoft Visual Studio Solution File, Format Version 12.00
# Visual Studio Version 17
VisualStudioVersion = 17.13.35931.197 d17.13
MinimumVisualStudioVersion = 10.0.40219.1
Project("{FAE04EC0-301F-11D3-BF4B-00C04F79EFBC}") = "intermediate3", "intermediate3.csproj", "{EDB6A033-0F77-42DE-9FDE-56219F410FBC}"
EndProject
Global
	GlobalSection(SolutionConfigurationPlatforms) = preSolution
		Debug|Any CPU = Debug|Any CPU
		Release|Any CPU = Release|Any CPU
	EndGlobalSection
	GlobalSection(ProjectConfigurationPlatforms) = postSolution
		{EDB6A033-0F77-42DE-9FDE-56219F410FBC}.Debug|Any CPU.ActiveCfg = Debug|Any CPU
		{EDB6A033-0F77-42DE-9FDE-56219F410FBC}.Debug|Any CPU.Build.0 = Debug|Any CPU
		{EDB6A033-0F77-42DE-9FDE-56219F410FBC}.Release|Any CPU.ActiveCfg = Release|Any CPU
		{EDB6A033-0F77-42DE-9FDE-56219F410FBC}.Release|Any CPU.Build.0 = Release|Any CPU
	EndGlobalSection
	GlobalSection(SolutionProperties) = preSolution
		HideSolutionNode = FALSE
	EndGlobalSection
	GlobalSection(ExtensibilityGlobals) = postSolution
		SolutionGuid = {F7E2C588-4EEC-4F1D-9E9F-DE219DF02D35}
	EndGlobalSection
EndGlobal
