
Microsoft Visual Studio Solution File, Format Version 12.00
# Visual Studio Version 17
VisualStudioVersion = 17.13.35931.197 d17.13
MinimumVisualStudioVersion = 10.0.40219.1
Project("{FAE04EC0-301F-11D3-BF4B-00C04F79EFBC}") = "proficient4", "proficient4.csproj", "{6FA0EC92-37E1-4D00-B7FF-7B14EBE2ECDB}"
EndProject
Global
	GlobalSection(SolutionConfigurationPlatforms) = preSolution
		Debug|Any CPU = Debug|Any CPU
		Release|Any CPU = Release|Any CPU
	EndGlobalSection
	GlobalSection(ProjectConfigurationPlatforms) = postSolution
		{6FA0EC92-37E1-4D00-B7FF-7B14EBE2ECDB}.Debug|Any CPU.ActiveCfg = Debug|Any CPU
		{6FA0EC92-37E1-4D00-B7FF-7B14EBE2ECDB}.Debug|Any CPU.Build.0 = Debug|Any CPU
		{6FA0EC92-37E1-4D00-B7FF-7B14EBE2ECDB}.Release|Any CPU.ActiveCfg = Release|Any CPU
		{6FA0EC92-37E1-4D00-B7FF-7B14EBE2ECDB}.Release|Any CPU.Build.0 = Release|Any CPU
	EndGlobalSection
	GlobalSection(SolutionProperties) = preSolution
		HideSolutionNode = FALSE
	EndGlobalSection
	GlobalSection(ExtensibilityGlobals) = postSolution
		SolutionGuid = {BA86B23E-5DFC-4EBF-B276-1553F07436A8}
	EndGlobalSection
EndGlobal
