
Microsoft Visual Studio Solution File, Format Version 12.00
# Visual Studio Version 17
VisualStudioVersion = 17.13.35931.197 d17.13
MinimumVisualStudioVersion = 10.0.40219.1
Project("{FAE04EC0-301F-11D3-BF4B-00C04F79EFBC}") = "Task2", "Task2.csproj", "{1E8D05D0-415D-48AC-8607-747B66BCFFA4}"
EndProject
Global
	GlobalSection(SolutionConfigurationPlatforms) = preSolution
		Debug|Any CPU = Debug|Any CPU
		Release|Any CPU = Release|Any CPU
	EndGlobalSection
	GlobalSection(ProjectConfigurationPlatforms) = postSolution
		{1E8D05D0-415D-48AC-8607-747B66BCFFA4}.Debug|Any CPU.ActiveCfg = Debug|Any CPU
		{1E8D05D0-415D-48AC-8607-747B66BCFFA4}.Debug|Any CPU.Build.0 = Debug|Any CPU
		{1E8D05D0-415D-48AC-8607-747B66BCFFA4}.Release|Any CPU.ActiveCfg = Release|Any CPU
		{1E8D05D0-415D-48AC-8607-747B66BCFFA4}.Release|Any CPU.Build.0 = Release|Any CPU
	EndGlobalSection
	GlobalSection(SolutionProperties) = preSolution
		HideSolutionNode = FALSE
	EndGlobalSection
	GlobalSection(ExtensibilityGlobals) = postSolution
		SolutionGuid = {1973BFFC-C41A-4A98-A2E8-7791CB9F57A4}
	EndGlobalSection
EndGlobal
